// !$*UTF8*$!
{
	archiveVersion = 1;
	classes = {
	};
	objectVersion = 46;
	objects = {

/* Begin PBXBuildFile section */
		94CD60DC9965D5B8697795C6 /* Pods_Pokedex.framework in Frameworks */ = {isa = PBXBuildFile; fileRef = 049FA6796D4424BD276CA106 /* Pods_Pokedex.framework */; };
		CD5A19831E857AE000044CBF /* AppDelegate.swift in Sources */ = {isa = PBXBuildFile; fileRef = CD5A19821E857AE000044CBF /* AppDelegate.swift */; };
		CD5A19881E857AE000044CBF /* Main.storyboard in Resources */ = {isa = PBXBuildFile; fileRef = CD5A19861E857AE000044CBF /* Main.storyboard */; };
		CD5A198A1E857AE000044CBF /* Assets.xcassets in Resources */ = {isa = PBXBuildFile; fileRef = CD5A19891E857AE000044CBF /* Assets.xcassets */; };
		CD5A198D1E857AE000044CBF /* LaunchScreen.storyboard in Resources */ = {isa = PBXBuildFile; fileRef = CD5A198B1E857AE000044CBF /* LaunchScreen.storyboard */; };
		CD5A19991E857D0800044CBF /* .swiftlint.yml in Resources */ = {isa = PBXBuildFile; fileRef = CD5A19981E857D0800044CBF /* .swiftlint.yml */; };
		CD5A199E1E857FA700044CBF /* pokemon.csv in Resources */ = {isa = PBXBuildFile; fileRef = CD5A199D1E857FA700044CBF /* pokemon.csv */; };
		CD5A19A11E85809C00044CBF /* Pokemon.swift in Sources */ = {isa = PBXBuildFile; fileRef = CD5A19A01E85809C00044CBF /* Pokemon.swift */; };
		CD5A19A31E8585F000044CBF /* PokemonCell.swift in Sources */ = {isa = PBXBuildFile; fileRef = CD5A19A21E8585F000044CBF /* PokemonCell.swift */; };
		CDFEBEE51E85DDD6007518B8 /* HomeVC.swift in Sources */ = {isa = PBXBuildFile; fileRef = CDFEBEE41E85DDD6007518B8 /* HomeVC.swift */; };
		CDFEBEE71E85E2D1007518B8 /* Podfile in Resources */ = {isa = PBXBuildFile; fileRef = CDFEBEE61E85E2D1007518B8 /* Podfile */; };
		CDFEBEE91E85E357007518B8 /* csv.swift in Sources */ = {isa = PBXBuildFile; fileRef = CDFEBEE81E85E357007518B8 /* csv.swift */; };
		CDFEBEED1E85E7B0007518B8 /* music.mp3 in Resources */ = {isa = PBXBuildFile; fileRef = CDFEBEEC1E85E7B0007518B8 /* music.mp3 */; };
/* End PBXBuildFile section */

/* Begin PBXFileReference section */
		049FA6796D4424BD276CA106 /* Pods_Pokedex.framework */ = {isa = PBXFileReference; explicitFileType = wrapper.framework; includeInIndex = 0; path = Pods_Pokedex.framework; sourceTree = BUILT_PRODUCTS_DIR; };
		431C912C0704C5930F30B010 /* Pods-Pokedex.release.xcconfig */ = {isa = PBXFileReference; includeInIndex = 1; lastKnownFileType = text.xcconfig; name = "Pods-Pokedex.release.xcconfig"; path = "Pods/Target Support Files/Pods-Pokedex/Pods-Pokedex.release.xcconfig"; sourceTree = "<group>"; };
		CD5A197F1E857AE000044CBF /* Pokedex.app */ = {isa = PBXFileReference; explicitFileType = wrapper.application; includeInIndex = 0; path = Pokedex.app; sourceTree = BUILT_PRODUCTS_DIR; };
		CD5A19821E857AE000044CBF /* AppDelegate.swift */ = {isa = PBXFileReference; lastKnownFileType = sourcecode.swift; path = AppDelegate.swift; sourceTree = "<group>"; };
		CD5A19871E857AE000044CBF /* Base */ = {isa = PBXFileReference; lastKnownFileType = file.storyboard; name = Base; path = Base.lproj/Main.storyboard; sourceTree = "<group>"; };
		CD5A19891E857AE000044CBF /* Assets.xcassets */ = {isa = PBXFileReference; lastKnownFileType = folder.assetcatalog; path = Assets.xcassets; sourceTree = "<group>"; };
		CD5A198C1E857AE000044CBF /* Base */ = {isa = PBXFileReference; lastKnownFileType = file.storyboard; name = Base; path = Base.lproj/LaunchScreen.storyboard; sourceTree = "<group>"; };
		CD5A198E1E857AE000044CBF /* Info.plist */ = {isa = PBXFileReference; lastKnownFileType = text.plist.xml; path = Info.plist; sourceTree = "<group>"; };
		CD5A19981E857D0800044CBF /* .swiftlint.yml */ = {isa = PBXFileReference; fileEncoding = 4; lastKnownFileType = text; path = .swiftlint.yml; sourceTree = SOURCE_ROOT; };
		CD5A199D1E857FA700044CBF /* pokemon.csv */ = {isa = PBXFileReference; fileEncoding = 4; lastKnownFileType = text; path = pokemon.csv; sourceTree = "<group>"; };
		CD5A19A01E85809C00044CBF /* Pokemon.swift */ = {isa = PBXFileReference; fileEncoding = 4; lastKnownFileType = sourcecode.swift; path = Pokemon.swift; sourceTree = "<group>"; };
		CD5A19A21E8585F000044CBF /* PokemonCell.swift */ = {isa = PBXFileReference; fileEncoding = 4; lastKnownFileType = sourcecode.swift; path = PokemonCell.swift; sourceTree = "<group>"; };
		CDFEBEE41E85DDD6007518B8 /* HomeVC.swift */ = {isa = PBXFileReference; fileEncoding = 4; lastKnownFileType = sourcecode.swift; path = HomeVC.swift; sourceTree = "<group>"; };
		CDFEBEE61E85E2D1007518B8 /* Podfile */ = {isa = PBXFileReference; fileEncoding = 4; lastKnownFileType = text; path = Podfile; sourceTree = SOURCE_ROOT; };
		CDFEBEE81E85E357007518B8 /* csv.swift */ = {isa = PBXFileReference; fileEncoding = 4; lastKnownFileType = sourcecode.swift; path = csv.swift; sourceTree = "<group>"; };
		CDFEBEEB1E85E659007518B8 /* Pokemon.ttf */ = {isa = PBXFileReference; lastKnownFileType = file; path = Pokemon.ttf; sourceTree = "<group>"; };
		CDFEBEEC1E85E7B0007518B8 /* music.mp3 */ = {isa = PBXFileReference; lastKnownFileType = audio.mp3; path = music.mp3; sourceTree = "<group>"; };
		D88E3EC03D2673FEEA44C0E3 /* Pods-Pokedex.debug.xcconfig */ = {isa = PBXFileReference; includeInIndex = 1; lastKnownFileType = text.xcconfig; name = "Pods-Pokedex.debug.xcconfig"; path = "Pods/Target Support Files/Pods-Pokedex/Pods-Pokedex.debug.xcconfig"; sourceTree = "<group>"; };
/* End PBXFileReference section */

/* Begin PBXFrameworksBuildPhase section */
		CD5A197C1E857AE000044CBF /* Frameworks */ = {
			isa = PBXFrameworksBuildPhase;
			buildActionMask = 2147483647;
			files = (
				94CD60DC9965D5B8697795C6 /* Pods_Pokedex.framework in Frameworks */,
			);
			runOnlyForDeploymentPostprocessing = 0;
		};
/* End PBXFrameworksBuildPhase section */

/* Begin PBXGroup section */
		1EA52B4DF53F869C516FF6CC /* Frameworks */ = {
			isa = PBXGroup;
			children = (
				049FA6796D4424BD276CA106 /* Pods_Pokedex.framework */,
			);
			name = Frameworks;
			sourceTree = "<group>";
		};
		CD5A19761E857AE000044CBF = {
			isa = PBXGroup;
			children = (
				CD5A19811E857AE000044CBF /* Pokedex */,
				CD5A19801E857AE000044CBF /* Products */,
				E46958823F45626C3A675389 /* Pods */,
				1EA52B4DF53F869C516FF6CC /* Frameworks */,
			);
			sourceTree = "<group>";
		};
		CD5A19801E857AE000044CBF /* Products */ = {
			isa = PBXGroup;
			children = (
				CD5A197F1E857AE000044CBF /* Pokedex.app */,
			);
			name = Products;
			sourceTree = "<group>";
		};
		CD5A19811E857AE000044CBF /* Pokedex */ = {
			isa = PBXGroup;
			children = (
				CDFEBEEA1E85E37B007518B8 /* Library */,
				CD5A19821E857AE000044CBF /* AppDelegate.swift */,
				CD5A19951E857CD600044CBF /* Config */,
				CD5A199A1E857D1800044CBF /* Controller */,
				CD5A199F1E85808A00044CBF /* Model */,
				CD5A199C1E857D4400044CBF /* Resources */,
				CD5A199B1E857D2200044CBF /* View */,
			);
			path = Pokedex;
			sourceTree = "<group>";
		};
		CD5A19951E857CD600044CBF /* Config */ = {
			isa = PBXGroup;
			children = (
				CDFEBEE61E85E2D1007518B8 /* Podfile */,
				CD5A19981E857D0800044CBF /* .swiftlint.yml */,
				CD5A198E1E857AE000044CBF /* Info.plist */,
			);
			name = Config;
			sourceTree = "<group>";
		};
		CD5A199A1E857D1800044CBF /* Controller */ = {
			isa = PBXGroup;
			children = (
				CDFEBEE41E85DDD6007518B8 /* HomeVC.swift */,
			);
			name = Controller;
			sourceTree = "<group>";
		};
		CD5A199B1E857D2200044CBF /* View */ = {
			isa = PBXGroup;
			children = (
				CD5A19861E857AE000044CBF /* Main.storyboard */,
				CD5A198B1E857AE000044CBF /* LaunchScreen.storyboard */,
				CD5A19A21E8585F000044CBF /* PokemonCell.swift */,
			);
			name = View;
			sourceTree = "<group>";
		};
		CD5A199C1E857D4400044CBF /* Resources */ = {
			isa = PBXGroup;
			children = (
				CDFEBEEC1E85E7B0007518B8 /* music.mp3 */,
				CDFEBEEB1E85E659007518B8 /* Pokemon.ttf */,
				CD5A19891E857AE000044CBF /* Assets.xcassets */,
				CD5A199D1E857FA700044CBF /* pokemon.csv */,
			);
			name = Resources;
			sourceTree = "<group>";
		};
		CD5A199F1E85808A00044CBF /* Model */ = {
			isa = PBXGroup;
			children = (
				CD5A19A01E85809C00044CBF /* Pokemon.swift */,
			);
			name = Model;
			sourceTree = "<group>";
		};
		CDFEBEEA1E85E37B007518B8 /* Library */ = {
			isa = PBXGroup;
			children = (
				CDFEBEE81E85E357007518B8 /* csv.swift */,
			);
			name = Library;
			sourceTree = "<group>";
		};
		E46958823F45626C3A675389 /* Pods */ = {
			isa = PBXGroup;
			children = (
				D88E3EC03D2673FEEA44C0E3 /* Pods-Pokedex.debug.xcconfig */,
				431C912C0704C5930F30B010 /* Pods-Pokedex.release.xcconfig */,
			);
			name = Pods;
			sourceTree = "<group>";
		};
/* End PBXGroup section */

/* Begin PBXNativeTarget section */
		CD5A197E1E857AE000044CBF /* Pokedex */ = {
			isa = PBXNativeTarget;
			buildConfigurationList = CD5A19911E857AE000044CBF /* Build configuration list for PBXNativeTarget "Pokedex" */;
			buildPhases = (
				7EF8218AEB4B424C72C3A9F7 /* [CP] Check Pods Manifest.lock */,
				CD5A197B1E857AE000044CBF /* Sources */,
				CD5A197C1E857AE000044CBF /* Frameworks */,
				CD5A197D1E857AE000044CBF /* Resources */,
				CD5A19941E857BFE00044CBF /* ShellScript */,
				5DDBEE8F833E0DB705333169 /* [CP] Embed Pods Frameworks */,
				C8BB962A4938814C4269F8EF /* [CP] Copy Pods Resources */,
			);
			buildRules = (
			);
			dependencies = (
			);
			name = Pokedex;
			productName = Pokedex;
			productReference = CD5A197F1E857AE000044CBF /* Pokedex.app */;
			productType = "com.apple.product-type.application";
		};
/* End PBXNativeTarget section */

/* Begin PBXProject section */
		CD5A19771E857AE000044CBF /* Project object */ = {
			isa = PBXProject;
			attributes = {
				LastSwiftUpdateCheck = 0820;
				LastUpgradeCheck = 0820;
				ORGANIZATIONNAME = "yoann lathuiliere";
				TargetAttributes = {
					CD5A197E1E857AE000044CBF = {
						CreatedOnToolsVersion = 8.2.1;
						DevelopmentTeam = K39GEY9S2K;
						ProvisioningStyle = Automatic;
					};
				};
			};
			buildConfigurationList = CD5A197A1E857AE000044CBF /* Build configuration list for PBXProject "Pokedex" */;
			compatibilityVersion = "Xcode 3.2";
			developmentRegion = English;
			hasScannedForEncodings = 0;
			knownRegions = (
				en,
				Base,
			);
			mainGroup = CD5A19761E857AE000044CBF;
			productRefGroup = CD5A19801E857AE000044CBF /* Products */;
			projectDirPath = "";
			projectRoot = "";
			targets = (
				CD5A197E1E857AE000044CBF /* Pokedex */,
			);
		};
/* End PBXProject section */

/* Begin PBXResourcesBuildPhase section */
		CD5A197D1E857AE000044CBF /* Resources */ = {
			isa = PBXResourcesBuildPhase;
			buildActionMask = 2147483647;
			files = (
				CDFEBEE71E85E2D1007518B8 /* Podfile in Resources */,
				CD5A19991E857D0800044CBF /* .swiftlint.yml in Resources */,
				CD5A198D1E857AE000044CBF /* LaunchScreen.storyboard in Resources */,
				CD5A198A1E857AE000044CBF /* Assets.xcassets in Resources */,
				CD5A199E1E857FA700044CBF /* pokemon.csv in Resources */,
				CDFEBEED1E85E7B0007518B8 /* music.mp3 in Resources */,
				CD5A19881E857AE000044CBF /* Main.storyboard in Resources */,
			);
			runOnlyForDeploymentPostprocessing = 0;
		};
/* End PBXResourcesBuildPhase section */

/* Begin PBXShellScriptBuildPhase section */
		5DDBEE8F833E0DB705333169 /* [CP] Embed Pods Frameworks */ = {
			isa = PBXShellScriptBuildPhase;
			buildActionMask = 2147483647;
			files = (
			);
			inputPaths = (
			);
			name = "[CP] Embed Pods Frameworks";
			outputPaths = (
			);
			runOnlyForDeploymentPostprocessing = 0;
			shellPath = /bin/sh;
			shellScript = "\"${SRCROOT}/Pods/Target Support Files/Pods-Pokedex/Pods-Pokedex-frameworks.sh\"\n";
			showEnvVarsInLog = 0;
		};
		7EF8218AEB4B424C72C3A9F7 /* [CP] Check Pods Manifest.lock */ = {
			isa = PBXShellScriptBuildPhase;
			buildActionMask = 2147483647;
			files = (
			);
			inputPaths = (
			);
			name = "[CP] Check Pods Manifest.lock";
			outputPaths = (
			);
			runOnlyForDeploymentPostprocessing = 0;
			shellPath = /bin/sh;
			shellScript = "diff \"${PODS_ROOT}/../Podfile.lock\" \"${PODS_ROOT}/Manifest.lock\" > /dev/null\nif [ $? != 0 ] ; then\n    # print error to STDERR\n    echo \"error: The sandbox is not in sync with the Podfile.lock. Run 'pod install' or update your CocoaPods installation.\" >&2\n    exit 1\nfi\n";
			showEnvVarsInLog = 0;
		};
		C8BB962A4938814C4269F8EF /* [CP] Copy Pods Resources */ = {
			isa = PBXShellScriptBuildPhase;
			buildActionMask = 2147483647;
			files = (
			);
			inputPaths = (
			);
			name = "[CP] Copy Pods Resources";
			outputPaths = (
			);
			runOnlyForDeploymentPostprocessing = 0;
			shellPath = /bin/sh;
			shellScript = "\"${SRCROOT}/Pods/Target Support Files/Pods-Pokedex/Pods-Pokedex-resources.sh\"\n";
			showEnvVarsInLog = 0;
		};
		CD5A19941E857BFE00044CBF /* ShellScript */ = {
			isa = PBXShellScriptBuildPhase;
			buildActionMask = 2147483647;
			files = (
			);
			inputPaths = (
			);
			outputPaths = (
			);
			runOnlyForDeploymentPostprocessing = 0;
			shellPath = /bin/sh;
			shellScript = "if which swiftlint >/dev/null; then\nswiftlint\nelse\necho \"warning: SwiftLint not installed, download from https://github.com/realm/SwiftLint\"\nfi";
		};
/* End PBXShellScriptBuildPhase section */

/* Begin PBXSourcesBuildPhase section */
		CD5A197B1E857AE000044CBF /* Sources */ = {
			isa = PBXSourcesBuildPhase;
			buildActionMask = 2147483647;
			files = (
				CD5A19A31E8585F000044CBF /* PokemonCell.swift in Sources */,
				CDFEBEE51E85DDD6007518B8 /* HomeVC.swift in Sources */,
				CD5A19831E857AE000044CBF /* AppDelegate.swift in Sources */,
				CD5A19A11E85809C00044CBF /* Pokemon.swift in Sources */,
				CDFEBEE91E85E357007518B8 /* csv.swift in Sources */,
			);
			runOnlyForDeploymentPostprocessing = 0;
		};
/* End PBXSourcesBuildPhase section */

/* Begin PBXVariantGroup section */
		CD5A19861E857AE000044CBF /* Main.storyboard */ = {
			isa = PBXVariantGroup;
			children = (
				CD5A19871E857AE000044CBF /* Base */,
			);
			name = Main.storyboard;
			sourceTree = "<group>";
		};
		CD5A198B1E857AE000044CBF /* LaunchScreen.storyboard */ = {
			isa = PBXVariantGroup;
			children = (
				CD5A198C1E857AE000044CBF /* Base */,
			);
			name = LaunchScreen.storyboard;
			sourceTree = "<group>";
		};
/* End PBXVariantGroup section */

/* Begin XCBuildConfiguration section */
		CD5A198F1E857AE000044CBF /* Debug */ = {
			isa = XCBuildConfiguration;
			buildSettings = {
				ALWAYS_SEARCH_USER_PATHS = NO;
				CLANG_ANALYZER_NONNULL = YES;
				CLANG_CXX_LANGUAGE_STANDARD = "gnu++0x";
				CLANG_CXX_LIBRARY = "libc++";
				CLANG_ENABLE_MODULES = YES;
				CLANG_ENABLE_OBJC_ARC = YES;
				CLANG_WARN_BOOL_CONVERSION = YES;
				CLANG_WARN_CONSTANT_CONVERSION = YES;
				CLANG_WARN_DIRECT_OBJC_ISA_USAGE = YES_ERROR;
				CLANG_WARN_DOCUMENTATION_COMMENTS = YES;
				CLANG_WARN_EMPTY_BODY = YES;
				CLANG_WARN_ENUM_CONVERSION = YES;
				CLANG_WARN_INFINITE_RECURSION = YES;
				CLANG_WARN_INT_CONVERSION = YES;
				CLANG_WARN_OBJC_ROOT_CLASS = YES_ERROR;
				CLANG_WARN_SUSPICIOUS_MOVE = YES;
				CLANG_WARN_UNREACHABLE_CODE = YES;
				CLANG_WARN__DUPLICATE_METHOD_MATCH = YES;
				"CODE_SIGN_IDENTITY[sdk=iphoneos*]" = "iPhone Developer";
				COPY_PHASE_STRIP = NO;
				DEBUG_INFORMATION_FORMAT = dwarf;
				ENABLE_STRICT_OBJC_MSGSEND = YES;
				ENABLE_TESTABILITY = YES;
				GCC_C_LANGUAGE_STANDARD = gnu99;
				GCC_DYNAMIC_NO_PIC = NO;
				GCC_NO_COMMON_BLOCKS = YES;
				GCC_OPTIMIZATION_LEVEL = 0;
				GCC_PREPROCESSOR_DEFINITIONS = (
					"DEBUG=1",
					"$(inherited)",
				);
				GCC_WARN_64_TO_32_BIT_CONVERSION = YES;
				GCC_WARN_ABOUT_RETURN_TYPE = YES_ERROR;
				GCC_WARN_UNDECLARED_SELECTOR = YES;
				GCC_WARN_UNINITIALIZED_AUTOS = YES_AGGRESSIVE;
				GCC_WARN_UNUSED_FUNCTION = YES;
				GCC_WARN_UNUSED_VARIABLE = YES;
				IPHONEOS_DEPLOYMENT_TARGET = 10.2;
				MTL_ENABLE_DEBUG_INFO = YES;
				ONLY_ACTIVE_ARCH = YES;
				SDKROOT = iphoneos;
				SWIFT_ACTIVE_COMPILATION_CONDITIONS = DEBUG;
				SWIFT_OPTIMIZATION_LEVEL = "-Onone";
			};
			name = Debug;
		};
		CD5A19901E857AE000044CBF /* Release */ = {
			isa = XCBuildConfiguration;
			buildSettings = {
				ALWAYS_SEARCH_USER_PATHS = NO;
				CLANG_ANALYZER_NONNULL = YES;
				CLANG_CXX_LANGUAGE_STANDARD = "gnu++0x";
				CLANG_CXX_LIBRARY = "libc++";
				CLANG_ENABLE_MODULES = YES;
				CLANG_ENABLE_OBJC_ARC = YES;
				CLANG_WARN_BOOL_CONVERSION = YES;
				CLANG_WARN_CONSTANT_CONVERSION = YES;
				CLANG_WARN_DIRECT_OBJC_ISA_USAGE = YES_ERROR;
				CLANG_WARN_DOCUMENTATION_COMMENTS = YES;
				CLANG_WARN_EMPTY_BODY = YES;
				CLANG_WARN_ENUM_CONVERSION = YES;
				CLANG_WARN_INFINITE_RECURSION = YES;
				CLANG_WARN_INT_CONVERSION = YES;
				CLANG_WARN_OBJC_ROOT_CLASS = YES_ERROR;
				CLANG_WARN_SUSPICIOUS_MOVE = YES;
				CLANG_WARN_UNREACHABLE_CODE = YES;
				CLANG_WARN__DUPLICATE_METHOD_MATCH = YES;
				"CODE_SIGN_IDENTITY[sdk=iphoneos*]" = "iPhone Developer";
				COPY_PHASE_STRIP = NO;
				DEBUG_INFORMATION_FORMAT = "dwarf-with-dsym";
				ENABLE_NS_ASSERTIONS = NO;
				ENABLE_STRICT_OBJC_MSGSEND = YES;
				GCC_C_LANGUAGE_STANDARD = gnu99;
				GCC_NO_COMMON_BLOCKS = YES;
				GCC_WARN_64_TO_32_BIT_CONVERSION = YES;
				GCC_WARN_ABOUT_RETURN_TYPE = YES_ERROR;
				GCC_WARN_UNDECLARED_SELECTOR = YES;
				GCC_WARN_UNINITIALIZED_AUTOS = YES_AGGRESSIVE;
				GCC_WARN_UNUSED_FUNCTION = YES;
				GCC_WARN_UNUSED_VARIABLE = YES;
				IPHONEOS_DEPLOYMENT_TARGET = 10.2;
				MTL_ENABLE_DEBUG_INFO = NO;
				SDKROOT = iphoneos;
				SWIFT_OPTIMIZATION_LEVEL = "-Owholemodule";
				VALIDATE_PRODUCT = YES;
			};
			name = Release;
		};
		CD5A19921E857AE000044CBF /* Debug */ = {
			isa = XCBuildConfiguration;
			baseConfigurationReference = D88E3EC03D2673FEEA44C0E3 /* Pods-Pokedex.debug.xcconfig */;
			buildSettings = {
				ASSETCATALOG_COMPILER_APPICON_NAME = AppIcon;
				DEVELOPMENT_TEAM = K39GEY9S2K;
				INFOPLIST_FILE = Pokedex/Info.plist;
				LD_RUNPATH_SEARCH_PATHS = "$(inherited) @executable_path/Frameworks";
				PRODUCT_BUNDLE_IDENTIFIER = com.ylth.Pokedex;
				PRODUCT_NAME = "$(TARGET_NAME)";
				SWIFT_VERSION = 3.0;
			};
			name = Debug;
		};
		CD5A19931E857AE000044CBF /* Release */ = {
			isa = XCBuildConfiguration;
			baseConfigurationReference = 431C912C0704C5930F30B010 /* Pods-Pokedex.release.xcconfig */;
			buildSettings = {
				ASSETCATALOG_COMPILER_APPICON_NAME = AppIcon;
				DEVELOPMENT_TEAM = K39GEY9S2K;
				INFOPLIST_FILE = Pokedex/Info.plist;
				LD_RUNPATH_SEARCH_PATHS = "$(inherited) @executable_path/Frameworks";
				PRODUCT_BUNDLE_IDENTIFIER = com.ylth.Pokedex;
				PRODUCT_NAME = "$(TARGET_NAME)";
				SWIFT_VERSION = 3.0;
			};
			name = Release;
		};
/* End XCBuildConfiguration section */

/* Begin XCConfigurationList section */
		CD5A197A1E857AE000044CBF /* Build configuration list for PBXProject "Pokedex" */ = {
			isa = XCConfigurationList;
			buildConfigurations = (
				CD5A198F1E857AE000044CBF /* Debug */,
				CD5A19901E857AE000044CBF /* Release */,
			);
			defaultConfigurationIsVisible = 0;
			defaultConfigurationName = Release;
		};
		CD5A19911E857AE000044CBF /* Build configuration list for PBXNativeTarget "Pokedex" */ = {
			isa = XCConfigurationList;
			buildConfigurations = (
				CD5A19921E857AE000044CBF /* Debug */,
				CD5A19931E857AE000044CBF /* Release */,
			);
			defaultConfigurationIsVisible = 0;
			defaultConfigurationName = Release;
		};
/* End XCConfigurationList section */
	};
	rootObject = CD5A19771E857AE000044CBF /* Project object */;
}
